{
  "version": 4,
  "terraform_version": "1.11.4",
  "serial": 27,
  "lineage": "b6392432-1c50-4288-d103-4b114dbb8c5a",
  "outputs": {},
  "resources": [
    {
      "mode": "managed",
      "type": "aws_instance",
      "name": "mysql",
      "provider": "provider[\"registry.terraform.io/hashicorp/aws\"]",
      "instances": [
        {
          "schema_version": 1,
          "attributes": {
            "ami": "ami-0f88e80871fd81e91",
            "arn": "arn:aws:ec2:us-east-1:022566422092:instance/i-023991e1f2f7668b5",
            "associate_public_ip_address": true,
            "availability_zone": "us-east-1a",
            "capacity_reservation_specification": [
              {
                "capacity_reservation_preference": "open",
                "capacity_reservation_target": []
              }
            ],
            "cpu_core_count": 1,
            "cpu_threads_per_core": 1,
            "credit_specification": [
              {
                "cpu_credits": "standard"
              }
            ],
            "disable_api_termination": false,
            "ebs_block_device": [],
            "ebs_optimized": false,
            "enclave_options": [
              {
                "enabled": false
              }
            ],
            "ephemeral_block_device": [],
            "get_password_data": false,
            "hibernation": false,
            "host_id": null,
            "iam_instance_profile": "",
            "id": "i-023991e1f2f7668b5",
            "instance_initiated_shutdown_behavior": "stop",
            "instance_state": "running",
            "instance_type": "t2.micro",
            "ipv6_address_count": 0,
            "ipv6_addresses": [],
            "key_name": "key1.pem",
            "launch_template": [],
            "metadata_options": [
              {
                "http_endpoint": "enabled",
                "http_put_response_hop_limit": 2,
                "http_tokens": "optional",
                "instance_metadata_tags": "disabled"
              }
            ],
            "monitoring": false,
            "network_interface": [],
            "outpost_arn": "",
            "password_data": "",
            "placement_group": "",
            "placement_partition_number": null,
            "primary_network_interface_id": "eni-0ae01633bdd63c409",
            "private_dns": "ip-10-24-1-204.ec2.internal",
            "private_ip": "10.24.1.204",
            "public_dns": "",
            "public_ip": "18.212.72.237",
            "root_block_device": [
              {
                "delete_on_termination": true,
                "device_name": "/dev/xvda",
                "encrypted": false,
                "iops": 3000,
                "kms_key_id": "",
                "tags": {},
                "throughput": 125,
                "volume_id": "vol-07ecafc28b47cc0ef",
                "volume_size": 8,
                "volume_type": "gp3"
              }
            ],
            "secondary_private_ips": [],
            "security_groups": [],
            "source_dest_check": true,
            "subnet_id": "subnet-0bba3e474bb72dc32",
            "tags": {
              "Name": "Mysql"
            },
            "tags_all": {
              "Name": "Mysql"
            },
            "tenancy": "default",
            "timeouts": null,
            "user_data": "9f7c97a1437b03bed8b6377a7d8d6cac93f39856",
            "user_data_base64": null,
            "volume_tags": null,
            "vpc_security_group_ids": [
              "sg-0e5e544326df19ee3"
            ]
          },
          "sensitive_attributes": [],
          "private": "eyJlMmJmYjczMC1lY2FhLTExZTYtOGY4OC0zNDM2M2JjN2M0YzAiOnsiY3JlYXRlIjo2MDAwMDAwMDAwMDAsImRlbGV0ZSI6MTIwMDAwMDAwMDAwMCwidXBkYXRlIjo2MDAwMDAwMDAwMDB9LCJzY2hlbWFfdmVyc2lvbiI6IjEifQ==",
          "dependencies": [
            "aws_key_pair.deployer",
            "aws_security_group.secure2",
            "aws_subnet.subnet1",
            "aws_vpc.main",
            "tls_private_key.keypair"
          ]
        }
      ]
    },
    {
      "mode": "managed",
      "type": "aws_instance",
      "name": "wordpress",
      "provider": "provider[\"registry.terraform.io/hashicorp/aws\"]",
      "instances": [
        {
          "schema_version": 1,
          "attributes": {
            "ami": "ami-0f88e80871fd81e91",
            "arn": "arn:aws:ec2:us-east-1:022566422092:instance/i-05078ccaaf29e8100",
            "associate_public_ip_address": true,
            "availability_zone": "us-east-1a",
            "capacity_reservation_specification": [
              {
                "capacity_reservation_preference": "open",
                "capacity_reservation_target": []
              }
            ],
            "cpu_core_count": 1,
            "cpu_threads_per_core": 1,
            "credit_specification": [
              {
                "cpu_credits": "standard"
              }
            ],
            "disable_api_termination": false,
            "ebs_block_device": [],
            "ebs_optimized": false,
            "enclave_options": [
              {
                "enabled": false
              }
            ],
            "ephemeral_block_device": [],
            "get_password_data": false,
            "hibernation": false,
            "host_id": null,
            "iam_instance_profile": "",
            "id": "i-05078ccaaf29e8100",
            "instance_initiated_shutdown_behavior": "stop",
            "instance_state": "running",
            "instance_type": "t2.micro",
            "ipv6_address_count": 0,
            "ipv6_addresses": [],
            "key_name": "key1.pem",
            "launch_template": [],
            "metadata_options": [
              {
                "http_endpoint": "enabled",
                "http_put_response_hop_limit": 2,
                "http_tokens": "optional",
                "instance_metadata_tags": "disabled"
              }
            ],
            "monitoring": false,
            "network_interface": [],
            "outpost_arn": "",
            "password_data": "",
            "placement_group": "",
            "placement_partition_number": null,
            "primary_network_interface_id": "eni-0299e95a0dcfcd2b8",
            "private_dns": "ip-10-24-1-71.ec2.internal",
            "private_ip": "10.24.1.71",
            "public_dns": "",
            "public_ip": "3.95.192.234",
            "root_block_device": [
              {
                "delete_on_termination": true,
                "device_name": "/dev/xvda",
                "encrypted": false,
                "iops": 3000,
                "kms_key_id": "",
                "tags": {},
                "throughput": 125,
                "volume_id": "vol-089f931c3df9eb69d",
                "volume_size": 8,
                "volume_type": "gp3"
              }
            ],
            "secondary_private_ips": [],
            "security_groups": [],
            "source_dest_check": true,
            "subnet_id": "subnet-0bba3e474bb72dc32",
            "tags": {
              "Name": "Wordpress"
            },
            "tags_all": {
              "Name": "Wordpress"
            },
            "tenancy": "default",
            "timeouts": null,
            "user_data": "abd1d1a3f70560e24e5f79e6725b534fe5a62870",
            "user_data_base64": null,
            "volume_tags": null,
            "vpc_security_group_ids": [
              "sg-02800a641faf92312"
            ]
          },
          "sensitive_attributes": [],
          "private": "eyJlMmJmYjczMC1lY2FhLTExZTYtOGY4OC0zNDM2M2JjN2M0YzAiOnsiY3JlYXRlIjo2MDAwMDAwMDAwMDAsImRlbGV0ZSI6MTIwMDAwMDAwMDAwMCwidXBkYXRlIjo2MDAwMDAwMDAwMDB9LCJzY2hlbWFfdmVyc2lvbiI6IjEifQ==",
          "dependencies": [
            "aws_internet_gateway.intgw",
            "aws_key_pair.deployer",
            "aws_security_group.secure1",
            "aws_subnet.subnet1",
            "aws_vpc.main",
            "tls_private_key.keypair"
          ]
        }
      ]
    },
    {
      "mode": "managed",
      "type": "aws_internet_gateway",
      "name": "intgw",
      "provider": "provider[\"registry.terraform.io/hashicorp/aws\"]",
      "instances": [
        {
          "schema_version": 0,
          "attributes": {
            "arn": "arn:aws:ec2:us-east-1:022566422092:internet-gateway/igw-099a8add0b39eaa5a",
            "id": "igw-099a8add0b39eaa5a",
            "owner_id": "022566422092",
            "tags": {
              "Environment": "dev",
              "Name": "mainIGW",
              "Terraform": "true"
            },
            "tags_all": {
              "Environment": "dev",
              "Name": "mainIGW",
              "Terraform": "true"
            },
            "vpc_id": "vpc-063d3fa6428bc16f8"
          },
          "sensitive_attributes": [],
          "private": "bnVsbA==",
          "dependencies": [
            "aws_vpc.main"
          ]
        }
      ]
    },
    {
      "mode": "managed",
      "type": "aws_key_pair",
      "name": "deployer",
      "provider": "provider[\"registry.terraform.io/hashicorp/aws\"]",
      "instances": [
        {
          "schema_version": 1,
          "attributes": {
            "arn": "arn:aws:ec2:us-east-1:022566422092:key-pair/key1.pem",
            "fingerprint": "88:b4:b2:84:27:bd:35:26:69:fa:ef:1e:30:27:8d:7d",
            "id": "key1.pem",
            "key_name": "key1.pem",
            "key_name_prefix": "",
            "key_pair_id": "key-0ad2f2ebbdafd6671",
            "public_key": "ssh-rsa AAAAB3NzaC1yc2EAAAADAQABAAABAQCmZdxlrsr9StQSo2eqDb0Qq+J/P+ykrZJtGlDLb0hn3+CTZ4iqpeRRnBOdkHK841W3+WsW5VmZXRUfhhs8cI3d/0sLMr48wnHoVk7VH75/LhHCE98Kjn2R4boyILxDdpANQiDryieHsQ7KOju7IP8dgYOB/y4qn08sEEF0UzioPNWjVAtW1Cs3RjfudEh+eTzk57kXSq8z/GgvMEzSMmTwh/sKEx9naQYhKedZI1cteXillM/T/OKbwcPUDsxFWbl1VQyUN4lJXnsxokwG6hUUyl9o9xR9UZ1VdrMoXaEd5tt/3KuB5hNX8OqKWcBe3HN9HksjXDRYizjber4SSYCB",
            "tags": {},
            "tags_all": {}
          },
          "sensitive_attributes": [],
          "private": "eyJzY2hlbWFfdmVyc2lvbiI6IjEifQ==",
          "dependencies": [
            "tls_private_key.keypair"
          ]
        }
      ]
    },
    {
      "mode": "managed",
      "type": "aws_route",
      "name": "route1",
      "provider": "provider[\"registry.terraform.io/hashicorp/aws\"]",
      "instances": [
        {
          "schema_version": 0,
          "attributes": {
            "carrier_gateway_id": "",
            "destination_cidr_block": "0.0.0.0/0",
            "destination_ipv6_cidr_block": "",
            "destination_prefix_list_id": "",
            "egress_only_gateway_id": "",
            "gateway_id": "igw-099a8add0b39eaa5a",
            "id": "r-rtb-02eb76b36fa5f65aa1080289494",
            "instance_id": "",
            "instance_owner_id": "",
            "local_gateway_id": "",
            "nat_gateway_id": "",
            "network_interface_id": "",
            "origin": "CreateRoute",
            "route_table_id": "rtb-02eb76b36fa5f65aa",
            "state": "active",
            "timeouts": null,
            "transit_gateway_id": "",
            "vpc_endpoint_id": "",
            "vpc_peering_connection_id": ""
          },
          "sensitive_attributes": [],
          "private": "eyJlMmJmYjczMC1lY2FhLTExZTYtOGY4OC0zNDM2M2JjN2M0YzAiOnsiY3JlYXRlIjozMDAwMDAwMDAwMDAsImRlbGV0ZSI6MzAwMDAwMDAwMDAwLCJ1cGRhdGUiOjEyMDAwMDAwMDAwMH19",
          "dependencies": [
            "aws_internet_gateway.intgw",
            "aws_route_table.routetable1",
            "aws_vpc.main"
          ]
        }
      ]
    },
    {
      "mode": "managed",
      "type": "aws_route",
      "name": "route2",
      "provider": "provider[\"registry.terraform.io/hashicorp/aws\"]",
      "instances": [
        {
          "schema_version": 0,
          "attributes": {
            "carrier_gateway_id": "",
            "destination_cidr_block": "0.0.0.0/0",
            "destination_ipv6_cidr_block": "",
            "destination_prefix_list_id": "",
            "egress_only_gateway_id": "",
            "gateway_id": "igw-099a8add0b39eaa5a",
            "id": "r-rtb-040b46f66ec1b1c371080289494",
            "instance_id": "",
            "instance_owner_id": "",
            "local_gateway_id": "",
            "nat_gateway_id": "",
            "network_interface_id": "",
            "origin": "CreateRoute",
            "route_table_id": "rtb-040b46f66ec1b1c37",
            "state": "active",
            "timeouts": null,
            "transit_gateway_id": "",
            "vpc_endpoint_id": "",
            "vpc_peering_connection_id": ""
          },
          "sensitive_attributes": [],
          "private": "eyJlMmJmYjczMC1lY2FhLTExZTYtOGY4OC0zNDM2M2JjN2M0YzAiOnsiY3JlYXRlIjozMDAwMDAwMDAwMDAsImRlbGV0ZSI6MzAwMDAwMDAwMDAwLCJ1cGRhdGUiOjEyMDAwMDAwMDAwMH19",
          "dependencies": [
            "aws_internet_gateway.intgw",
            "aws_route_table.routetable2",
            "aws_vpc.main"
          ]
        }
      ]
    },
    {
      "mode": "managed",
      "type": "aws_route_table",
      "name": "routetable1",
      "provider": "provider[\"registry.terraform.io/hashicorp/aws\"]",
      "instances": [
        {
          "schema_version": 0,
          "attributes": {
            "arn": "arn:aws:ec2:us-east-1:022566422092:route-table/rtb-02eb76b36fa5f65aa",
            "id": "rtb-02eb76b36fa5f65aa",
            "owner_id": "022566422092",
            "propagating_vgws": [],
            "route": [
              {
                "carrier_gateway_id": "",
                "cidr_block": "0.0.0.0/0",
                "destination_prefix_list_id": "",
                "egress_only_gateway_id": "",
                "gateway_id": "igw-099a8add0b39eaa5a",
                "instance_id": "",
                "ipv6_cidr_block": "",
                "local_gateway_id": "",
                "nat_gateway_id": "",
                "network_interface_id": "",
                "transit_gateway_id": "",
                "vpc_endpoint_id": "",
                "vpc_peering_connection_id": ""
              }
            ],
            "tags": {},
            "tags_all": {},
            "timeouts": null,
            "vpc_id": "vpc-063d3fa6428bc16f8"
          },
          "sensitive_attributes": [],
          "private": "eyJlMmJmYjczMC1lY2FhLTExZTYtOGY4OC0zNDM2M2JjN2M0YzAiOnsiY3JlYXRlIjozMDAwMDAwMDAwMDAsImRlbGV0ZSI6MzAwMDAwMDAwMDAwLCJ1cGRhdGUiOjEyMDAwMDAwMDAwMH19",
          "dependencies": [
            "aws_vpc.main"
          ]
        }
      ]
    },
    {
      "mode": "managed",
      "type": "aws_route_table",
      "name": "routetable2",
      "provider": "provider[\"registry.terraform.io/hashicorp/aws\"]",
      "instances": [
        {
          "schema_version": 0,
          "attributes": {
            "arn": "arn:aws:ec2:us-east-1:022566422092:route-table/rtb-040b46f66ec1b1c37",
            "id": "rtb-040b46f66ec1b1c37",
            "owner_id": "022566422092",
            "propagating_vgws": [],
            "route": [
              {
                "carrier_gateway_id": "",
                "cidr_block": "0.0.0.0/0",
                "destination_prefix_list_id": "",
                "egress_only_gateway_id": "",
                "gateway_id": "igw-099a8add0b39eaa5a",
                "instance_id": "",
                "ipv6_cidr_block": "",
                "local_gateway_id": "",
                "nat_gateway_id": "",
                "network_interface_id": "",
                "transit_gateway_id": "",
                "vpc_endpoint_id": "",
                "vpc_peering_connection_id": ""
              }
            ],
            "tags": {},
            "tags_all": {},
            "timeouts": null,
            "vpc_id": "vpc-063d3fa6428bc16f8"
          },
          "sensitive_attributes": [],
          "private": "eyJlMmJmYjczMC1lY2FhLTExZTYtOGY4OC0zNDM2M2JjN2M0YzAiOnsiY3JlYXRlIjozMDAwMDAwMDAwMDAsImRlbGV0ZSI6MzAwMDAwMDAwMDAwLCJ1cGRhdGUiOjEyMDAwMDAwMDAwMH19",
          "dependencies": [
            "aws_vpc.main"
          ]
        }
      ]
    },
    {
      "mode": "managed",
      "type": "aws_route_table_association",
      "name": "routetableassoc1",
      "provider": "provider[\"registry.terraform.io/hashicorp/aws\"]",
      "instances": [
        {
          "schema_version": 0,
          "attributes": {
            "gateway_id": "",
            "id": "rtbassoc-06e99b434ff910826",
            "route_table_id": "rtb-02eb76b36fa5f65aa",
            "subnet_id": "subnet-0bba3e474bb72dc32"
          },
          "sensitive_attributes": [],
          "private": "bnVsbA==",
          "dependencies": [
            "aws_route_table.routetable1",
            "aws_subnet.subnet1",
            "aws_vpc.main"
          ]
        }
      ]
    },
    {
      "mode": "managed",
      "type": "aws_route_table_association",
      "name": "routetableassoc2",
      "provider": "provider[\"registry.terraform.io/hashicorp/aws\"]",
      "instances": [
        {
          "schema_version": 0,
          "attributes": {
            "gateway_id": "",
            "id": "rtbassoc-05498f1cd74e1ef70",
            "route_table_id": "rtb-040b46f66ec1b1c37",
            "subnet_id": "subnet-088e824b2d9c94a08"
          },
          "sensitive_attributes": [],
          "private": "bnVsbA==",
          "dependencies": [
            "aws_route_table.routetable2",
            "aws_subnet.subnet2",
            "aws_vpc.main"
          ]
        }
      ]
    },
    {
      "mode": "managed",
      "type": "aws_security_group",
      "name": "secure1",
      "provider": "provider[\"registry.terraform.io/hashicorp/aws\"]",
      "instances": [
        {
          "schema_version": 1,
          "attributes": {
            "arn": "arn:aws:ec2:us-east-1:022566422092:security-group/sg-02800a641faf92312",
            "description": "Allow TLS inbound traffic",
            "egress": [
              {
                "cidr_blocks": [
                  "0.0.0.0/0"
                ],
                "description": "",
                "from_port": 0,
                "ipv6_cidr_blocks": [],
                "prefix_list_ids": [],
                "protocol": "-1",
                "security_groups": [],
                "self": false,
                "to_port": 0
              }
            ],
            "id": "sg-02800a641faf92312",
            "ingress": [
              {
                "cidr_blocks": [
                  "0.0.0.0/0"
                ],
                "description": "HTTP",
                "from_port": 80,
                "ipv6_cidr_blocks": [],
                "prefix_list_ids": [],
                "protocol": "tcp",
                "security_groups": [],
                "self": false,
                "to_port": 80
              },
              {
                "cidr_blocks": [
                  "0.0.0.0/0"
                ],
                "description": "SSH",
                "from_port": 22,
                "ipv6_cidr_blocks": [],
                "prefix_list_ids": [],
                "protocol": "tcp",
                "security_groups": [],
                "self": false,
                "to_port": 22
              },
              {
                "cidr_blocks": [
                  "0.0.0.0/0"
                ],
                "description": "WORDPRESS",
                "from_port": 443,
                "ipv6_cidr_blocks": [],
                "prefix_list_ids": [],
                "protocol": "tcp",
                "security_groups": [],
                "self": false,
                "to_port": 443
              }
            ],
            "name": "secure1",
            "name_prefix": "",
            "owner_id": "022566422092",
            "revoke_rules_on_delete": false,
            "tags": {
              "Name": "WBDMZ"
            },
            "tags_all": {
              "Name": "WBDMZ"
            },
            "timeouts": null,
            "vpc_id": "vpc-063d3fa6428bc16f8"
          },
          "sensitive_attributes": [],
          "private": "eyJlMmJmYjczMC1lY2FhLTExZTYtOGY4OC0zNDM2M2JjN2M0YzAiOnsiY3JlYXRlIjo2MDAwMDAwMDAwMDAsImRlbGV0ZSI6OTAwMDAwMDAwMDAwfSwic2NoZW1hX3ZlcnNpb24iOiIxIn0=",
          "dependencies": [
            "aws_vpc.main"
          ]
        }
      ]
    },
    {
      "mode": "managed",
      "type": "aws_security_group",
      "name": "secure2",
      "provider": "provider[\"registry.terraform.io/hashicorp/aws\"]",
      "instances": [
        {
          "schema_version": 1,
          "attributes": {
            "arn": "arn:aws:ec2:us-east-1:022566422092:security-group/sg-0e5e544326df19ee3",
            "description": "Allow TLS inbound traffic",
            "egress": [
              {
                "cidr_blocks": [
                  "0.0.0.0/0"
                ],
                "description": "",
                "from_port": 0,
                "ipv6_cidr_blocks": [],
                "prefix_list_ids": [],
                "protocol": "-1",
                "security_groups": [],
                "self": false,
                "to_port": 0
              }
            ],
            "id": "sg-0e5e544326df19ee3",
            "ingress": [
              {
                "cidr_blocks": [
                  "0.0.0.0/0"
                ],
                "description": "SSH",
                "from_port": 22,
                "ipv6_cidr_blocks": [],
                "prefix_list_ids": [],
                "protocol": "tcp",
                "security_groups": [],
                "self": false,
                "to_port": 22
              },
              {
                "cidr_blocks": [
                  "10.24.1.0/24"
                ],
                "description": "MYSQL",
                "from_port": 3306,
                "ipv6_cidr_blocks": [],
                "prefix_list_ids": [],
                "protocol": "tcp",
                "security_groups": [],
                "self": false,
                "to_port": 3306
              }
            ],
            "name": "secure2",
            "name_prefix": "",
            "owner_id": "022566422092",
            "revoke_rules_on_delete": false,
            "tags": {
              "Name": "DATABASE"
            },
            "tags_all": {
              "Name": "DATABASE"
            },
            "timeouts": null,
            "vpc_id": "vpc-063d3fa6428bc16f8"
          },
          "sensitive_attributes": [],
          "private": "eyJlMmJmYjczMC1lY2FhLTExZTYtOGY4OC0zNDM2M2JjN2M0YzAiOnsiY3JlYXRlIjo2MDAwMDAwMDAwMDAsImRlbGV0ZSI6OTAwMDAwMDAwMDAwfSwic2NoZW1hX3ZlcnNpb24iOiIxIn0=",
          "dependencies": [
            "aws_subnet.subnet1",
            "aws_vpc.main"
          ]
        }
      ]
    },
    {
      "mode": "managed",
      "type": "aws_subnet",
      "name": "subnet1",
      "provider": "provider[\"registry.terraform.io/hashicorp/aws\"]",
      "instances": [
        {
          "schema_version": 1,
          "attributes": {
            "arn": "arn:aws:ec2:us-east-1:022566422092:subnet/subnet-0bba3e474bb72dc32",
            "assign_ipv6_address_on_creation": false,
            "availability_zone": "us-east-1a",
            "availability_zone_id": "use1-az2",
            "cidr_block": "10.24.1.0/24",
            "customer_owned_ipv4_pool": "",
            "enable_dns64": false,
            "enable_resource_name_dns_a_record_on_launch": false,
            "enable_resource_name_dns_aaaa_record_on_launch": false,
            "id": "subnet-0bba3e474bb72dc32",
            "ipv6_cidr_block": "",
            "ipv6_cidr_block_association_id": "",
            "ipv6_native": false,
            "map_customer_owned_ip_on_launch": false,
            "map_public_ip_on_launch": true,
            "outpost_arn": "",
            "owner_id": "022566422092",
            "private_dns_hostname_type_on_launch": "ip-name",
            "tags": {
              "Environment": "dev",
              "Name": "subnet1",
              "Terraform": "True"
            },
            "tags_all": {
              "Environment": "dev",
              "Name": "subnet1",
              "Terraform": "True"
            },
            "timeouts": null,
            "vpc_id": "vpc-063d3fa6428bc16f8"
          },
          "sensitive_attributes": [],
          "private": "eyJlMmJmYjczMC1lY2FhLTExZTYtOGY4OC0zNDM2M2JjN2M0YzAiOnsiY3JlYXRlIjo2MDAwMDAwMDAwMDAsImRlbGV0ZSI6MTIwMDAwMDAwMDAwMH0sInNjaGVtYV92ZXJzaW9uIjoiMSJ9",
          "dependencies": [
            "aws_vpc.main"
          ]
        }
      ]
    },
    {
      "mode": "managed",
      "type": "aws_subnet",
      "name": "subnet2",
      "provider": "provider[\"registry.terraform.io/hashicorp/aws\"]",
      "instances": [
        {
          "schema_version": 1,
          "attributes": {
            "arn": "arn:aws:ec2:us-east-1:022566422092:subnet/subnet-088e824b2d9c94a08",
            "assign_ipv6_address_on_creation": false,
            "availability_zone": "us-east-1a",
            "availability_zone_id": "use1-az2",
            "cidr_block": "10.24.2.0/24",
            "customer_owned_ipv4_pool": "",
            "enable_dns64": false,
            "enable_resource_name_dns_a_record_on_launch": false,
            "enable_resource_name_dns_aaaa_record_on_launch": false,
            "id": "subnet-088e824b2d9c94a08",
            "ipv6_cidr_block": "",
            "ipv6_cidr_block_association_id": "",
            "ipv6_native": false,
            "map_customer_owned_ip_on_launch": false,
            "map_public_ip_on_launch": false,
            "outpost_arn": "",
            "owner_id": "022566422092",
            "private_dns_hostname_type_on_launch": "ip-name",
            "tags": {
              "Environment": "dev",
              "Name": "subnet2",
              "Terraform": "True"
            },
            "tags_all": {
              "Environment": "dev",
              "Name": "subnet2",
              "Terraform": "True"
            },
            "timeouts": null,
            "vpc_id": "vpc-063d3fa6428bc16f8"
          },
          "sensitive_attributes": [],
          "private": "eyJlMmJmYjczMC1lY2FhLTExZTYtOGY4OC0zNDM2M2JjN2M0YzAiOnsiY3JlYXRlIjo2MDAwMDAwMDAwMDAsImRlbGV0ZSI6MTIwMDAwMDAwMDAwMH0sInNjaGVtYV92ZXJzaW9uIjoiMSJ9",
          "dependencies": [
            "aws_vpc.main"
          ]
        }
      ]
    },
    {
      "mode": "managed",
      "type": "aws_vpc",
      "name": "main",
      "provider": "provider[\"registry.terraform.io/hashicorp/aws\"]",
      "instances": [
        {
          "schema_version": 1,
          "attributes": {
            "arn": "arn:aws:ec2:us-east-1:022566422092:vpc/vpc-063d3fa6428bc16f8",
            "assign_generated_ipv6_cidr_block": false,
            "cidr_block": "10.24.0.0/16",
            "default_network_acl_id": "acl-065e2674cdf210854",
            "default_route_table_id": "rtb-02b0022b3107aea75",
            "default_security_group_id": "sg-0ea9b6bee25067677",
            "dhcp_options_id": "dopt-06d09071c1214c351",
            "enable_classiclink": false,
            "enable_classiclink_dns_support": false,
            "enable_dns_hostnames": false,
            "enable_dns_support": true,
            "id": "vpc-063d3fa6428bc16f8",
            "instance_tenancy": "default",
            "ipv4_ipam_pool_id": null,
            "ipv4_netmask_length": null,
            "ipv6_association_id": "",
            "ipv6_cidr_block": "",
            "ipv6_cidr_block_network_border_group": "",
            "ipv6_ipam_pool_id": "",
            "ipv6_netmask_length": 0,
            "main_route_table_id": "rtb-02b0022b3107aea75",
            "owner_id": "022566422092",
            "tags": {
              "Environment": "dev",
              "Name": "NAS",
              "Terraform": "true"
            },
            "tags_all": {
              "Environment": "dev",
              "Name": "NAS",
              "Terraform": "true"
            }
          },
          "sensitive_attributes": [],
          "private": "eyJzY2hlbWFfdmVyc2lvbiI6IjEifQ=="
        }
      ]
    },
    {
      "mode": "managed",
      "type": "local_file",
      "name": "privatekey",
      "provider": "provider[\"registry.terraform.io/hashicorp/local\"]",
      "instances": [
        {
          "schema_version": 0,
          "attributes": {
            "content": "-----BEGIN RSA PRIVATE KEY-----\nMIIEogIBAAKCAQEApmXcZa7K/UrUEqNnqg29EKvifz/spK2SbRpQy29IZ9/gk2eI\nqqXkUZwTnZByvONVt/lrFuVZmV0VH4YbPHCN3f9LCzK+PMJx6FZO1R++fy4RwhPf\nCo59keG6MiC8Q3aQDUIg68onh7EOyjo7uyD/HYGDgf8uKp9PLBBBdFM4qDzVo1QL\nVtQrN0Y37nRIfnk85Oe5F0qvM/xoLzBM0jJk8If7ChMfZ2kGISnnWSNXLXl4pZTP\n0/zim8HD1A7MRVm5dVUMlDeJSV57MaJMBuoVFMpfaPcUfVGdVXazKF2hHebbf9yr\ngeYTV/DqilnAXtxzfR5LI1w0WIs423q+EkmAgQIDAQABAoH/BRP2teOvrisqbacu\n8rGYo3mbX+bDggMKBOpYrNyoiQL8B4ORWCPX4+Wvc4+E8N6/Lu4dpoU5RsTgcCXX\njvCgY7X2xFC4HYKRl1WK8lYVqivtvs58cAYJLvqEhCMbm7NykfUCrC9vJWTx3poI\nWJ2ZK31YVg9DiWlzMRUN6k7f28Jy49OwX/6twkYZZTf5uAjiqjiiSe3uHxECo4vo\n8HMIo7UX1UPov+14xX3dg1OicdBvxbS2p66jSSLExoYflYp2oC2doEA9uSI77Qwy\nPCbxZU739o/Yw/1ebVO/xzkniI3jTOcLjbnkyv36wpxo1CQE8P5H7wGgfDWtUmy2\nCIvBAoGBANs/YCGWRwFM0Ti3s9OXT27ljl18qd4OjGQhFftZGhhBZXVbqJ6hLQWp\nq5/2gT9dXnCUA10b4UIuIq/MbxXiQ8zEPkbeOnv0PFhYgAAaV9f4xB2VcDMR8PRG\nU5FDrxi+MWCU7OPmhHOhOUbDz5xa1vGbfGtQQPJb6mw/aVyvyKChAoGBAMJKiOEW\nsERq/LgiGKgaB6rIp6DobJYjgC561SLVxTdXXG/gHO7gD+FeEVmqKpH+1z6UEOPS\nDe9OIF6dx+P/ftz+Xru+dBhrqrRZHkrbAzFNITr5cHBJ0wn+eYTXQBmQKr8rJf5K\nz+S4aRRXB6cEbMr3v3OguxEcm3uzXBLjTHPhAoGADSW9xAXY+DD9EuOhOv0F3GaT\npPOG1DQXIyIAyXPMZsv1I5Z9hBWyN3a3Pf5wPbaBpUqa8Qhs96UAm34s4ykQW8Ug\n3usQosJApCOaeWcbAW5/hC6j7cwToPJerIVciKVPHLWRhxEZvD1cy+uOFZg074Qd\nb+n+Gwp8AkXDMbWw2EECgYEAqnPpkk/tZJjYDlMbfp8XiuVu6uP+H9oVYrGwu1cA\nJoUmO6BKwechB38XiaqYnm0NOYF9L+HhB8lq7JdP/t7v1cH0KpH0GFic8owc3181\nddNNDAg6dMjPtTzkL38IZWTtm7mnI2lO6kI/LfEMbaKcL5UbCb5BX8nRPr0kUg3H\nzQECgYEA00mF1ydW7eDVHA99Ix9SBz6OlkOKghFwJ1o0mFr5v8pCWxOL9h7RrqBv\nQFloZF8Jt/sQpw2NPSUvFSY0D3TzgY3y8Z9IbFcWYCgUTV7nL/xOMg3dWoFrb2Qh\ndt/urofmNMOcPoRUTcJftTb5O5dBEWzShc6zwy+vhzlzb47KSHI=\n-----END RSA PRIVATE KEY-----\n",
            "content_base64": null,
            "content_base64sha256": "qOvTN7YpdED6sd0YwOenO9o9b2hRkyqwl9uYM4ZJoj4=",
            "content_base64sha512": "SnSYcvtV/y/EjqjGguTN1Z/Xhy/K+gB0BZenOlYa2b3IUX2OcUPYVtUxv7uMFIZTJHCIpS6vVGQQv56xPRSN2Q==",
            "content_md5": "fe361dbcb8078fd0233217353b41d5d5",
            "content_sha1": "c5bef9334d594e5405abae323399a98d47056f20",
            "content_sha256": "a8ebd337b6297440fab1dd18c0e7a73bda3d6f6851932ab097db98338649a23e",
            "content_sha512": "4a749872fb55ff2fc48ea8c682e4cdd59fd7872fcafa00740597a73a561ad9bdc8517d8e7143d856d531bfbb8c148653247088a52eaf546410bf9eb13d148dd9",
            "directory_permission": "0777",
            "file_permission": "0777",
            "filename": "key1.pem",
            "id": "c5bef9334d594e5405abae323399a98d47056f20",
            "sensitive_content": null,
            "source": null
          },
          "sensitive_attributes": [
            [
              {
                "type": "get_attr",
                "value": "sensitive_content"
              }
            ],
            [
              {
                "type": "get_attr",
                "value": "content"
              }
            ]
          ],
          "dependencies": [
            "tls_private_key.keypair"
          ]
        }
      ]
    },
    {
      "mode": "managed",
      "type": "tls_private_key",
      "name": "keypair",
      "provider": "provider[\"registry.terraform.io/hashicorp/tls\"]",
      "instances": [
        {
          "schema_version": 1,
          "attributes": {
            "algorithm": "RSA",
            "ecdsa_curve": "P224",
            "id": "3d963e144c7e561d3d97dd635586a2bf60475d30",
            "private_key_openssh": "-----BEGIN OPENSSH PRIVATE KEY-----\nb3BlbnNzaC1rZXktdjEAAAAABG5vbmUAAAAEbm9uZQAAAAAAAAABAAABFwAAAAdz\nc2gtcnNhAAAAAwEAAQAAAQEApmXcZa7K/UrUEqNnqg29EKvifz/spK2SbRpQy29I\nZ9/gk2eIqqXkUZwTnZByvONVt/lrFuVZmV0VH4YbPHCN3f9LCzK+PMJx6FZO1R++\nfy4RwhPfCo59keG6MiC8Q3aQDUIg68onh7EOyjo7uyD/HYGDgf8uKp9PLBBBdFM4\nqDzVo1QLVtQrN0Y37nRIfnk85Oe5F0qvM/xoLzBM0jJk8If7ChMfZ2kGISnnWSNX\nLXl4pZTP0/zim8HD1A7MRVm5dVUMlDeJSV57MaJMBuoVFMpfaPcUfVGdVXazKF2h\nHebbf9yrgeYTV/DqilnAXtxzfR5LI1w0WIs423q+EkmAgQAAA7h9hT4jfYU+IwAA\nAAdzc2gtcnNhAAABAQCmZdxlrsr9StQSo2eqDb0Qq+J/P+ykrZJtGlDLb0hn3+CT\nZ4iqpeRRnBOdkHK841W3+WsW5VmZXRUfhhs8cI3d/0sLMr48wnHoVk7VH75/LhHC\nE98Kjn2R4boyILxDdpANQiDryieHsQ7KOju7IP8dgYOB/y4qn08sEEF0UzioPNWj\nVAtW1Cs3RjfudEh+eTzk57kXSq8z/GgvMEzSMmTwh/sKEx9naQYhKedZI1cteXil\nlM/T/OKbwcPUDsxFWbl1VQyUN4lJXnsxokwG6hUUyl9o9xR9UZ1VdrMoXaEd5tt/\n3KuB5hNX8OqKWcBe3HN9HksjXDRYizjber4SSYCBAAAAAwEAAQAAAP8FE/a146+u\nKyptpy7ysZijeZtf5sOCAwoE6lis3KiJAvwHg5FYI9fj5a9zj4Tw3r8u7h2mhTlG\nxOBwJdeO8KBjtfbEULgdgpGXVYryVhWqK+2+znxwBgku+oSEIxubs3KR9QKsL28l\nZPHemghYnZkrfVhWD0OJaXMxFQ3qTt/bwnLj07Bf/q3CRhllN/m4COKqOKJJ7e4f\nEQKji+jwcwijtRfVQ+i/7XjFfd2DU6Jx0G/FtLanrqNJIsTGhh+VinagLZ2gQD25\nIjvtDDI8JvFlTvf2j9jD/V5tU7/HOSeIjeNM5wuNueTK/frCnGjUJATw/kfvAaB8\nNa1SbLYIi8EAAACBANNJhdcnVu3g1RwPfSMfUgc+jpZDioIRcCdaNJha+b/KQlsT\ni/Ye0a6gb0BZaGRfCbf7EKcNjT0lLxUmNA9084GN8vGfSGxXFmAoFE1e5y/8TjIN\n3VqBa29kIXbf7q6H5jTDnD6EVE3CX7U2+TuXQRFs0oXOs8Mvr4c5c2+OykhyAAAA\ngQDbP2AhlkcBTNE4t7PTl09u5Y5dfKneDoxkIRX7WRoYQWV1W6ieoS0Fqauf9oE/\nXV5wlANdG+FCLiKvzG8V4kPMxD5G3jp79DxYWIAAGlfX+MQdlXAzEfD0RlORQ68Y\nvjFglOzj5oRzoTlGw8+cWtbxm3xrUEDyW+psP2lcr8igoQAAAIEAwkqI4RawRGr8\nuCIYqBoHqsinoOhsliOALnrVItXFN1dcb+Ac7uAP4V4RWaoqkf7XPpQQ49IN704g\nXp3H4/9+3P5eu750GGuqtFkeStsDMU0hOvlwcEnTCf55hNdAGZAqvysl/krP5Lhp\nFFcHpwRsyve/c6C7ERybe7NcEuNMc+EAAAAAAQID\n-----END OPENSSH PRIVATE KEY-----\n",
            "private_key_pem": "-----BEGIN RSA PRIVATE KEY-----\nMIIEogIBAAKCAQEApmXcZa7K/UrUEqNnqg29EKvifz/spK2SbRpQy29IZ9/gk2eI\nqqXkUZwTnZByvONVt/lrFuVZmV0VH4YbPHCN3f9LCzK+PMJx6FZO1R++fy4RwhPf\nCo59keG6MiC8Q3aQDUIg68onh7EOyjo7uyD/HYGDgf8uKp9PLBBBdFM4qDzVo1QL\nVtQrN0Y37nRIfnk85Oe5F0qvM/xoLzBM0jJk8If7ChMfZ2kGISnnWSNXLXl4pZTP\n0/zim8HD1A7MRVm5dVUMlDeJSV57MaJMBuoVFMpfaPcUfVGdVXazKF2hHebbf9yr\ngeYTV/DqilnAXtxzfR5LI1w0WIs423q+EkmAgQIDAQABAoH/BRP2teOvrisqbacu\n8rGYo3mbX+bDggMKBOpYrNyoiQL8B4ORWCPX4+Wvc4+E8N6/Lu4dpoU5RsTgcCXX\njvCgY7X2xFC4HYKRl1WK8lYVqivtvs58cAYJLvqEhCMbm7NykfUCrC9vJWTx3poI\nWJ2ZK31YVg9DiWlzMRUN6k7f28Jy49OwX/6twkYZZTf5uAjiqjiiSe3uHxECo4vo\n8HMIo7UX1UPov+14xX3dg1OicdBvxbS2p66jSSLExoYflYp2oC2doEA9uSI77Qwy\nPCbxZU739o/Yw/1ebVO/xzkniI3jTOcLjbnkyv36wpxo1CQE8P5H7wGgfDWtUmy2\nCIvBAoGBANs/YCGWRwFM0Ti3s9OXT27ljl18qd4OjGQhFftZGhhBZXVbqJ6hLQWp\nq5/2gT9dXnCUA10b4UIuIq/MbxXiQ8zEPkbeOnv0PFhYgAAaV9f4xB2VcDMR8PRG\nU5FDrxi+MWCU7OPmhHOhOUbDz5xa1vGbfGtQQPJb6mw/aVyvyKChAoGBAMJKiOEW\nsERq/LgiGKgaB6rIp6DobJYjgC561SLVxTdXXG/gHO7gD+FeEVmqKpH+1z6UEOPS\nDe9OIF6dx+P/ftz+Xru+dBhrqrRZHkrbAzFNITr5cHBJ0wn+eYTXQBmQKr8rJf5K\nz+S4aRRXB6cEbMr3v3OguxEcm3uzXBLjTHPhAoGADSW9xAXY+DD9EuOhOv0F3GaT\npPOG1DQXIyIAyXPMZsv1I5Z9hBWyN3a3Pf5wPbaBpUqa8Qhs96UAm34s4ykQW8Ug\n3usQosJApCOaeWcbAW5/hC6j7cwToPJerIVciKVPHLWRhxEZvD1cy+uOFZg074Qd\nb+n+Gwp8AkXDMbWw2EECgYEAqnPpkk/tZJjYDlMbfp8XiuVu6uP+H9oVYrGwu1cA\nJoUmO6BKwechB38XiaqYnm0NOYF9L+HhB8lq7JdP/t7v1cH0KpH0GFic8owc3181\nddNNDAg6dMjPtTzkL38IZWTtm7mnI2lO6kI/LfEMbaKcL5UbCb5BX8nRPr0kUg3H\nzQECgYEA00mF1ydW7eDVHA99Ix9SBz6OlkOKghFwJ1o0mFr5v8pCWxOL9h7RrqBv\nQFloZF8Jt/sQpw2NPSUvFSY0D3TzgY3y8Z9IbFcWYCgUTV7nL/xOMg3dWoFrb2Qh\ndt/urofmNMOcPoRUTcJftTb5O5dBEWzShc6zwy+vhzlzb47KSHI=\n-----END RSA PRIVATE KEY-----\n",
            "private_key_pem_pkcs8": "-----BEGIN PRIVATE KEY-----\nMIIEvAIBADANBgkqhkiG9w0BAQEFAASCBKYwggSiAgEAAoIBAQCmZdxlrsr9StQS\no2eqDb0Qq+J/P+ykrZJtGlDLb0hn3+CTZ4iqpeRRnBOdkHK841W3+WsW5VmZXRUf\nhhs8cI3d/0sLMr48wnHoVk7VH75/LhHCE98Kjn2R4boyILxDdpANQiDryieHsQ7K\nOju7IP8dgYOB/y4qn08sEEF0UzioPNWjVAtW1Cs3RjfudEh+eTzk57kXSq8z/Ggv\nMEzSMmTwh/sKEx9naQYhKedZI1cteXillM/T/OKbwcPUDsxFWbl1VQyUN4lJXnsx\nokwG6hUUyl9o9xR9UZ1VdrMoXaEd5tt/3KuB5hNX8OqKWcBe3HN9HksjXDRYizjb\ner4SSYCBAgMBAAECgf8FE/a146+uKyptpy7ysZijeZtf5sOCAwoE6lis3KiJAvwH\ng5FYI9fj5a9zj4Tw3r8u7h2mhTlGxOBwJdeO8KBjtfbEULgdgpGXVYryVhWqK+2+\nznxwBgku+oSEIxubs3KR9QKsL28lZPHemghYnZkrfVhWD0OJaXMxFQ3qTt/bwnLj\n07Bf/q3CRhllN/m4COKqOKJJ7e4fEQKji+jwcwijtRfVQ+i/7XjFfd2DU6Jx0G/F\ntLanrqNJIsTGhh+VinagLZ2gQD25IjvtDDI8JvFlTvf2j9jD/V5tU7/HOSeIjeNM\n5wuNueTK/frCnGjUJATw/kfvAaB8Na1SbLYIi8ECgYEA2z9gIZZHAUzROLez05dP\nbuWOXXyp3g6MZCEV+1kaGEFldVuonqEtBamrn/aBP11ecJQDXRvhQi4ir8xvFeJD\nzMQ+Rt46e/Q8WFiAABpX1/jEHZVwMxHw9EZTkUOvGL4xYJTs4+aEc6E5RsPPnFrW\n8Zt8a1BA8lvqbD9pXK/IoKECgYEAwkqI4RawRGr8uCIYqBoHqsinoOhsliOALnrV\nItXFN1dcb+Ac7uAP4V4RWaoqkf7XPpQQ49IN704gXp3H4/9+3P5eu750GGuqtFke\nStsDMU0hOvlwcEnTCf55hNdAGZAqvysl/krP5LhpFFcHpwRsyve/c6C7ERybe7Nc\nEuNMc+ECgYANJb3EBdj4MP0S46E6/QXcZpOk84bUNBcjIgDJc8xmy/Ujln2EFbI3\ndrc9/nA9toGlSprxCGz3pQCbfizjKRBbxSDe6xCiwkCkI5p5ZxsBbn+ELqPtzBOg\n8l6shVyIpU8ctZGHERm8PVzL644VmDTvhB1v6f4bCnwCRcMxtbDYQQKBgQCqc+mS\nT+1kmNgOUxt+nxeK5W7q4/4f2hVisbC7VwAmhSY7oErB5yEHfxeJqpiebQ05gX0v\n4eEHyWrsl0/+3u/VwfQqkfQYWJzyjBzfXzV1000MCDp0yM+1POQvfwhlZO2buacj\naU7qQj8t8QxtopwvlRsJvkFfydE+vSRSDcfNAQKBgQDTSYXXJ1bt4NUcD30jH1IH\nPo6WQ4qCEXAnWjSYWvm/ykJbE4v2HtGuoG9AWWhkXwm3+xCnDY09JS8VJjQPdPOB\njfLxn0hsVxZgKBRNXucv/E4yDd1agWtvZCF23+6uh+Y0w5w+hFRNwl+1Nvk7l0ER\nbNKFzrPDL6+HOXNvjspIcg==\n-----END PRIVATE KEY-----\n",
            "public_key_fingerprint_md5": "66:ef:94:26:02:e2:17:aa:98:6a:a8:88:04:42:2f:89",
            "public_key_fingerprint_sha256": "SHA256:ss2zu9mlMsAQESLORfXpV9XoxtGogU7VTBsk3Us5BDI",
            "public_key_openssh": "ssh-rsa AAAAB3NzaC1yc2EAAAADAQABAAABAQCmZdxlrsr9StQSo2eqDb0Qq+J/P+ykrZJtGlDLb0hn3+CTZ4iqpeRRnBOdkHK841W3+WsW5VmZXRUfhhs8cI3d/0sLMr48wnHoVk7VH75/LhHCE98Kjn2R4boyILxDdpANQiDryieHsQ7KOju7IP8dgYOB/y4qn08sEEF0UzioPNWjVAtW1Cs3RjfudEh+eTzk57kXSq8z/GgvMEzSMmTwh/sKEx9naQYhKedZI1cteXillM/T/OKbwcPUDsxFWbl1VQyUN4lJXnsxokwG6hUUyl9o9xR9UZ1VdrMoXaEd5tt/3KuB5hNX8OqKWcBe3HN9HksjXDRYizjber4SSYCB\n",
            "public_key_pem": "-----BEGIN PUBLIC KEY-----\nMIIBIjANBgkqhkiG9w0BAQEFAAOCAQ8AMIIBCgKCAQEApmXcZa7K/UrUEqNnqg29\nEKvifz/spK2SbRpQy29IZ9/gk2eIqqXkUZwTnZByvONVt/lrFuVZmV0VH4YbPHCN\n3f9LCzK+PMJx6FZO1R++fy4RwhPfCo59keG6MiC8Q3aQDUIg68onh7EOyjo7uyD/\nHYGDgf8uKp9PLBBBdFM4qDzVo1QLVtQrN0Y37nRIfnk85Oe5F0qvM/xoLzBM0jJk\n8If7ChMfZ2kGISnnWSNXLXl4pZTP0/zim8HD1A7MRVm5dVUMlDeJSV57MaJMBuoV\nFMpfaPcUfVGdVXazKF2hHebbf9yrgeYTV/DqilnAXtxzfR5LI1w0WIs423q+EkmA\ngQIDAQAB\n-----END PUBLIC KEY-----\n",
            "rsa_bits": 2048
          },
          "sensitive_attributes": [
            [
              {
                "type": "get_attr",
                "value": "private_key_pem"
              }
            ],
            [
              {
                "type": "get_attr",
                "value": "private_key_pem_pkcs8"
              }
            ],
            [
              {
                "type": "get_attr",
                "value": "private_key_openssh"
              }
            ]
          ]
        }
      ]
    }
  ],
  "check_results": null
}
